version = 1
requires-python = ">=3.12"

[[package]]
name = "colorama"
version = "0.4.6"
source = { registry = "https://pypi.org/simple" }
sdist = { url = "https://files.pythonhosted.org/packages/d8/53/6f443c9a4a8358a93a6792e2acffb9d9d5cb0a5cfd8802644b7b1c9a02e4/colorama-0.4.6.tar.gz", hash = "sha256:08695f5cb7ed6e0531a20572697297273c47b8cae5a63ffc6d6ed5c201be6e44", size = 27697 }
wheels = [
    { url = "https://files.pythonhosted.org/packages/d1/d6/3965ed04c63042e047cb6a3e6ed1a63a35087b6a609aa3a15ed8ac56c221/colorama-0.4.6-py2.py3-none-any.whl", hash = "sha256:4f1d9991f5acc0ca119f9d443620b77f9d6b33703e51011c16baf57afb285fc6", size = 25335 },
]

[[package]]
name = "hypothesis"
version = "6.148.7"
source = { registry = "https://pypi.org/simple" }
dependencies = [
    { name = "sortedcontainers" },
]
sdist = { url = "https://files.pythonhosted.org/packages/09/5e/6a506e81d4dfefed2e838b6beaaae87b2e411dda3da0a3abf94099f194ae/hypothesis-6.148.7.tar.gz", hash = "sha256:b96e817e715c5b1a278411e3b9baf6d599d5b12207ba25e41a8f066929f6c2a6", size = 471199 }
wheels = [
    { url = "https://files.pythonhosted.org/packages/e9/55/fa5607e4a4af96dfa0e7efd81bbd130735cedd21aac70b25e06191bff92f/hypothesis-6.148.7-py3-none-any.whl", hash = "sha256:94dbd58ebf259afa3bafb1d3bf5761ac1bde6f1477de494798cbf7960aabbdee", size = 538127 },
]

[[package]]
name = "iniconfig"
version = "2.3.0"
source = { registry = "https://pypi.org/simple" }
sdist = { url = "https://files.pythonhosted.org/packages/72/34/14ca021ce8e5dfedc35312d08ba8bf51fdd999c576889fc2c24cb97f4f10/iniconfig-2.3.0.tar.gz", hash = "sha256:c76315c77db068650d49c5b56314774a7804df16fee4402c1f19d6d15d8c4730", size = 20503 }
wheels = [
    { url = "https://files.pythonhosted.org/packages/cb/b1/3846dd7f199d53cb17f49cba7e651e9ce294d8497c8c150530ed11865bb8/iniconfig-2.3.0-py3-none-any.whl", hash = "sha256:f631c04d2c48c52b84d0d0549c99ff3859c98df65b3101406327ecc7d53fbf12", size = 7484 },
]

[[package]]
name = "p0ker"
version = "0.1.0"
source = { virtual = "." }

[package.dev-dependencies]
dev = [
    { name = "hypothesis" },
    { name = "pytest" },
    { name = "ty" },
]

[package.metadata]

[package.metadata.requires-dev]
dev = [
    { name = "hypothesis", specifier = ">=6.148.7" },
    { name = "pytest", specifier = ">=9.0.2" },
    { name = "ty", specifier = ">=0.0.3" },
]

[[package]]
name = "packaging"
version = "25.0"
source = { registry = "https://pypi.org/simple" }
sdist = { url = "https://files.pythonhosted.org/packages/a1/d4/1fc4078c65507b51b96ca8f8c3ba19e6a61c8253c72794544580a7b6c24d/packaging-25.0.tar.gz", hash = "sha256:d443872c98d677bf60f6a1f2f8c1cb748e8fe762d2bf9d3148b5599295b0fc4f", size = 165727 }
wheels = [
    { url = "https://files.pythonhosted.org/packages/20/12/38679034af332785aac8774540895e234f4d07f7545804097de4b666afd8/packaging-25.0-py3-none-any.whl", hash = "sha256:29572ef2b1f17581046b3a2227d5c611fb25ec70ca1ba8554b24b0e69331a484", size = 66469 },
]

[[package]]
name = "pluggy"
version = "1.6.0"
source = { registry = "https://pypi.org/simple" }
sdist = { url = "https://files.pythonhosted.org/packages/f9/e2/3e91f31a7d2b083fe6ef3fa267035b518369d9511ffab804f839851d2779/pluggy-1.6.0.tar.gz", hash = "sha256:7dcc130b76258d33b90f61b658791dede3486c3e6bfb003ee5c9bfb396dd22f3", size = 69412 }
wheels = [
    { url = "https://files.pythonhosted.org/packages/54/20/4d324d65cc6d9205fabedc306948156824eb9f0ee1633355a8f7ec5c66bf/pluggy-1.6.0-py3-none-any.whl", hash = "sha256:e920276dd6813095e9377c0bc5566d94c932c33b27a3e3945d8389c374dd4746", size = 20538 },
]

[[package]]
name = "pygments"
version = "2.19.2"
source = { registry = "https://pypi.org/simple" }
sdist = { url = "https://files.pythonhosted.org/packages/b0/77/a5b8c569bf593b0140bde72ea885a803b82086995367bf2037de0159d924/pygments-2.19.2.tar.gz", hash = "sha256:636cb2477cec7f8952536970bc533bc43743542f70392ae026374600add5b887", size = 4968631 }
wheels = [
    { url = "https://files.pythonhosted.org/packages/c7/21/705964c7812476f378728bdf590ca4b771ec72385c533964653c68e86bdc/pygments-2.19.2-py3-none-any.whl", hash = "sha256:86540386c03d588bb81d44bc3928634ff26449851e99741617ecb9037ee5ec0b", size = 1225217 },
]

[[package]]
name = "pytest"
version = "9.0.2"
source = { registry = "https://pypi.org/simple" }
dependencies = [
    { name = "colorama", marker = "sys_platform == 'win32'" },
    { name = "iniconfig" },
    { name = "packaging" },
    { name = "pluggy" },
    { name = "pygments" },
]
sdist = { url = "https://files.pythonhosted.org/packages/d1/db/7ef3487e0fb0049ddb5ce41d3a49c235bf9ad299b6a25d5780a89f19230f/pytest-9.0.2.tar.gz", hash = "sha256:75186651a92bd89611d1d9fc20f0b4345fd827c41ccd5c299a868a05d70edf11", size = 1568901 }
wheels = [
    { url = "https://files.pythonhosted.org/packages/3b/ab/b3226f0bd7cdcf710fbede2b3548584366da3b19b5021e74f5bde2a8fa3f/pytest-9.0.2-py3-none-any.whl", hash = "sha256:711ffd45bf766d5264d487b917733b453d917afd2b0ad65223959f59089f875b", size = 374801 },
]

[[package]]
name = "sortedcontainers"
version = "2.4.0"
source = { registry = "https://pypi.org/simple" }
sdist = { url = "https://files.pythonhosted.org/packages/e8/c4/ba2f8066cceb6f23394729afe52f3bf7adec04bf9ed2c820b39e19299111/sortedcontainers-2.4.0.tar.gz", hash = "sha256:25caa5a06cc30b6b83d11423433f65d1f9d76c4c6a0c90e3379eaa43b9bfdb88", size = 30594 }
wheels = [
    { url = "https://files.pythonhosted.org/packages/32/46/9cb0e58b2deb7f82b84065f37f3bffeb12413f947f9388e4cac22c4621ce/sortedcontainers-2.4.0-py2.py3-none-any.whl", hash = "sha256:a163dcaede0f1c021485e957a39245190e74249897e2ae4b2aa38595db237ee0", size = 29575 },
]

[[package]]
name = "ty"
version = "0.0.3"
source = { registry = "https://pypi.org/simple" }
sdist = { url = "https://files.pythonhosted.org/packages/bb/cd/aee86c0da3240960d6b7e807f3a41c89bae741495d81ca303200b0103dc9/ty-0.0.3.tar.gz", hash = "sha256:831259e22d3855436701472d4c0da200cd45041bc677eae79415d684f541de8a", size = 4769098 }
wheels = [
    { url = "https://files.pythonhosted.org/packages/0c/ef/2d0d18e8fe6b673d3e1ea642f18404d7edfa9d08310f7203e8f0e7dc862e/ty-0.0.3-py3-none-linux_armv6l.whl", hash = "sha256:cd035bb75acecb78ac1ba8c4cc696f57a586e29d36e84bd691bc3b5b8362794c", size = 9763890 },
    { url = "https://files.pythonhosted.org/packages/bb/67/0ae31574619a7264df8cf8e641f246992db22ac1720c2a72953aa31cbe61/ty-0.0.3-py3-none-macosx_10_12_x86_64.whl", hash = "sha256:7708eaf73485e263efc7ef339f8e4487d3f5885779edbeec504fd72e4521c376", size = 9558276 },
    { url = "https://files.pythonhosted.org/packages/d7/f7/3b9c033e80910972fca3783e4a52ba9cb7cd5c8b6828a87986646d64082b/ty-0.0.3-py3-none-macosx_11_0_arm64.whl", hash = "sha256:3113a633f46ec789f6df675b7afc5d3ab20c247c92ae4dbb9aa5b704768c18b2", size = 9094451 },
    { url = "https://files.pythonhosted.org/packages/9a/29/9a90ed6bef00142a088965100b5e0a5d11805b9729c151ca598331bbd92b/ty-0.0.3-py3-none-manylinux_2_17_aarch64.manylinux2014_aarch64.whl", hash = "sha256:a451f3f73a04bf18e551b1ebebb79b20fac5f09740a353f7e07b5f607b217c4f", size = 9568049 },
    { url = "https://files.pythonhosted.org/packages/2f/ab/8daeb12912c2de8a3154db652931f4ad0d27c555faebcaf34af08bcfd0d2/ty-0.0.3-py3-none-manylinux_2_17_armv7l.manylinux2014_armv7l.whl", hash = "sha256:9f6e926b6de0becf0452e1afad75cb71f889a4777cd14269e5447d46c01b2770", size = 9547711 },
    { url = "https://files.pythonhosted.org/packages/91/54/f5c1f293f647beda717fee2448cc927ac0d05f66bebe18647680a67e1d67/ty-0.0.3-py3-none-manylinux_2_17_i686.manylinux2014_i686.whl", hash = "sha256:160e7974150f9f359c31d5808214676d1baa05321ab5a7b29fb09f4906dbdb38", size = 9983225 },
    { url = "https://files.pythonhosted.org/packages/95/34/065962cfa2e87c10db839512229940a366b8ca1caffa2254a277b1694e5a/ty-0.0.3-py3-none-manylinux_2_17_ppc64.manylinux2014_ppc64.whl", hash = "sha256:726576df31d4e76934ffc64f2939d4a9bc195c7427452c8c159261ad00bd1b5e", size = 10851148 },
    { url = "https://files.pythonhosted.org/packages/54/27/e2a8cbfc33999eef882ccd1b816ed615293f96e96f6df60cd12f84b69ca2/ty-0.0.3-py3-none-manylinux_2_17_ppc64le.manylinux2014_ppc64le.whl", hash = "sha256:5014cf4744c94d9ea7b43314199ddaf52564a80b3d006e4ba0fe982bc42f4e8b", size = 10564441 },
    { url = "https://files.pythonhosted.org/packages/91/6d/dcce3e222e59477c1f2b3a012cc76428d7032248138cd5544ad7f1cda7bd/ty-0.0.3-py3-none-manylinux_2_17_s390x.manylinux2014_s390x.whl", hash = "sha256:2a9a51dc040f2718725f34ae6ef51fe8f8bd689e21bd3e82f4e71767034928de", size = 10358651 },
    { url = "https://files.pythonhosted.org/packages/53/36/b6d0154b83a5997d607bf1238200271c17223f68aab2c778ded5424f9c1e/ty-0.0.3-py3-none-manylinux_2_17_x86_64.manylinux2014_x86_64.whl", hash = "sha256:e0e6188eddd3a228c449261bb398e8621d33b92c1fc03599afdfad4388327a48", size = 10120457 },
    { url = "https://files.pythonhosted.org/packages/cc/46/05dc826674ee1a451406e4c253c71700a6f707bae88b706a4c9e9bba6919/ty-0.0.3-py3-none-musllinux_1_2_aarch64.whl", hash = "sha256:5cc55e08d5d18edf1c5051af02456bd359716f07aae0a305e4cefe7735188540", size = 9551642 },
    { url = "https://files.pythonhosted.org/packages/64/8a/f90b60d103fd5ec04ecbac091a64e607e6cd37cec6e718bba17cb2022644/ty-0.0.3-py3-none-musllinux_1_2_armv7l.whl", hash = "sha256:34b2d589412a81d1fd6d7fe461353068496c2bf1f7113742bd6d88d1d57ec3ad", size = 9572234 },
    { url = "https://files.pythonhosted.org/packages/e8/72/5d3c6d34562d019ba7f3102b2a6d0c8e9e24ef39e70f09645c36a66765b7/ty-0.0.3-py3-none-musllinux_1_2_i686.whl", hash = "sha256:8a065eb2959f141fe4adafc14d57463cfa34f6cc4844a4ed56b2dce1a53a419a", size = 9701682 },
    { url = "https://files.pythonhosted.org/packages/ef/44/bda434f788b320c9550a48c549e4a8c507e3d8a6ccb04ba5bd098307ba1e/ty-0.0.3-py3-none-musllinux_1_2_x86_64.whl", hash = "sha256:e7177421f830a493f98d22f86d940b5a38788866e6062f680881f19be35ba3bb", size = 10213714 },
    { url = "https://files.pythonhosted.org/packages/53/a6/b76a787938026c3d209131e5773de32cf6fc41210e0dd97874aafa20f394/ty-0.0.3-py3-none-win32.whl", hash = "sha256:e3e590bf5f33cb118a53c6d5242eedf7924d45517a5ee676c7a16be3a1389d2f", size = 9160441 },
    { url = "https://files.pythonhosted.org/packages/fe/db/da60eb8252768323aee0ce69a08b95011088c003f80204b12380fe562fd2/ty-0.0.3-py3-none-win_amd64.whl", hash = "sha256:5af25b1fed8a536ce8072a9ae6a70cd2b559aa5294d43f57071fbdcd31dd2b0e", size = 10034265 },
    { url = "https://files.pythonhosted.org/packages/5f/9c/9045cebdfc394c6f8c1e73a99d3aeda1bc639aace392e8ff4d695f1fab73/ty-0.0.3-py3-none-win_arm64.whl", hash = "sha256:29078b3100351a8b37339771615f13b8e4a4ff52b344d33f774f8d1a665a0ca5", size = 9513095 },
]
